
Microsoft Visual Studio Solution File, Format Version 12.00
# Visual Studio Version 17
VisualStudioVersion = 17.3.32901.215
MinimumVisualStudioVersion = 10.0.40219.1
Project("{FAE04EC0-301F-11D3-BF4B-00C04F79EFBC}") = "01.Guinea Pig", "01.Guinea Pig\01.Guinea Pig.csproj", "{EB66D640-F1CB-47F9-AFE4-EA5B191E8E7B}"
EndProject
Project("{FAE04EC0-301F-11D3-BF4B-00C04F79EFBC}") = "02. Shopping List", "02. Shopping List\02. Shopping List.csproj", "{5893CFA0-1B24-4F9C-8D9F-166E5F17FBEE}"
EndProject
Project("{FAE04EC0-301F-11D3-BF4B-00C04F79EFBC}") = "03. Heart Delivery", "03. Heart Delivery\03. Heart Delivery.csproj", "{C4B816E9-1244-419E-B342-F4C35B7F2C6F}"
EndProject
Global
	GlobalSection(SolutionConfigurationPlatforms) = preSolution
		Debug|Any CPU = Debug|Any CPU
		Release|Any CPU = Release|Any CPU
	EndGlobalSection
	GlobalSection(ProjectConfigurationPlatforms) = postSolution
		{EB66D640-F1CB-47F9-AFE4-EA5B191E8E7B}.Debug|Any CPU.ActiveCfg = Debug|Any CPU
		{EB66D640-F1CB-47F9-AFE4-EA5B191E8E7B}.Debug|Any CPU.Build.0 = Debug|Any CPU
		{EB66D640-F1CB-47F9-AFE4-EA5B191E8E7B}.Release|Any CPU.ActiveCfg = Release|Any CPU
		{EB66D640-F1CB-47F9-AFE4-EA5B191E8E7B}.Release|Any CPU.Build.0 = Release|Any CPU
		{5893CFA0-1B24-4F9C-8D9F-166E5F17FBEE}.Debug|Any CPU.ActiveCfg = Debug|Any CPU
		{5893CFA0-1B24-4F9C-8D9F-166E5F17FBEE}.Debug|Any CPU.Build.0 = Debug|Any CPU
		{5893CFA0-1B24-4F9C-8D9F-166E5F17FBEE}.Release|Any CPU.ActiveCfg = Release|Any CPU
		{5893CFA0-1B24-4F9C-8D9F-166E5F17FBEE}.Release|Any CPU.Build.0 = Release|Any CPU
		{C4B816E9-1244-419E-B342-F4C35B7F2C6F}.Debug|Any CPU.ActiveCfg = Debug|Any CPU
		{C4B816E9-1244-419E-B342-F4C35B7F2C6F}.Debug|Any CPU.Build.0 = Debug|Any CPU
		{C4B816E9-1244-419E-B342-F4C35B7F2C6F}.Release|Any CPU.ActiveCfg = Release|Any CPU
		{C4B816E9-1244-419E-B342-F4C35B7F2C6F}.Release|Any CPU.Build.0 = Release|Any CPU
	EndGlobalSection
	GlobalSection(SolutionProperties) = preSolution
		HideSolutionNode = FALSE
	EndGlobalSection
	GlobalSection(ExtensibilityGlobals) = postSolution
		SolutionGuid = {0B4BD358-3496-4430-BFAE-4008005F0F53}
	EndGlobalSection
EndGlobal
