
Microsoft Visual Studio Solution File, Format Version 12.00
# Visual Studio Version 17
VisualStudioVersion = 17.3.32929.385
MinimumVisualStudioVersion = 10.0.40219.1
Project("{FAE04EC0-301F-11D3-BF4B-00C04F79EFBC}") = "02. A Miner Task", "02. A Miner Task\02. A Miner Task.csproj", "{D18023D5-5434-421F-B7D6-AA68976B5CF2}"
EndProject
Project("{FAE04EC0-301F-11D3-BF4B-00C04F79EFBC}") = "01. Count Chars in a String", "01. Count Chars in a String\01. Count Chars in a String.csproj", "{DC8F929E-B649-4A8E-8841-17BC85E1005B}"
EndProject
Global
	GlobalSection(SolutionConfigurationPlatforms) = preSolution
		Debug|Any CPU = Debug|Any CPU
		Release|Any CPU = Release|Any CPU
	EndGlobalSection
	GlobalSection(ProjectConfigurationPlatforms) = postSolution
		{D18023D5-5434-421F-B7D6-AA68976B5CF2}.Debug|Any CPU.ActiveCfg = Debug|Any CPU
		{D18023D5-5434-421F-B7D6-AA68976B5CF2}.Debug|Any CPU.Build.0 = Debug|Any CPU
		{D18023D5-5434-421F-B7D6-AA68976B5CF2}.Release|Any CPU.ActiveCfg = Release|Any CPU
		{D18023D5-5434-421F-B7D6-AA68976B5CF2}.Release|Any CPU.Build.0 = Release|Any CPU
		{DC8F929E-B649-4A8E-8841-17BC85E1005B}.Debug|Any CPU.ActiveCfg = Debug|Any CPU
		{DC8F929E-B649-4A8E-8841-17BC85E1005B}.Debug|Any CPU.Build.0 = Debug|Any CPU
		{DC8F929E-B649-4A8E-8841-17BC85E1005B}.Release|Any CPU.ActiveCfg = Release|Any CPU
		{DC8F929E-B649-4A8E-8841-17BC85E1005B}.Release|Any CPU.Build.0 = Release|Any CPU
	EndGlobalSection
	GlobalSection(SolutionProperties) = preSolution
		HideSolutionNode = FALSE
	EndGlobalSection
	GlobalSection(ExtensibilityGlobals) = postSolution
		SolutionGuid = {C1E7585B-F349-407A-ADC0-BAA5BD135311}
	EndGlobalSection
EndGlobal
