
Microsoft Visual Studio Solution File, Format Version 12.00
# Visual Studio Version 17
VisualStudioVersion = 17.3.32929.385
MinimumVisualStudioVersion = 10.0.40219.1
Project("{9A19103F-16F7-4668-BE54-9A1E7A4F7556}") = "01. World Tour", "01. World Tour\01. World Tour.csproj", "{EC7BC1F5-27BB-4411-85EC-AF95AF854D85}"
EndProject
Project("{FAE04EC0-301F-11D3-BF4B-00C04F79EFBC}") = "02. Destination Mapper", "02. Destination Mapper\02. Destination Mapper.csproj", "{5E1139A6-CE52-4A77-9256-63A5DAAEBE10}"
EndProject
Project("{FAE04EC0-301F-11D3-BF4B-00C04F79EFBC}") = "03. Plant Discovery", "03. Plant Discovery\03. Plant Discovery.csproj", "{B115D157-2C21-4BCF-A76E-516F230B025A}"
EndProject
Global
	GlobalSection(SolutionConfigurationPlatforms) = preSolution
		Debug|Any CPU = Debug|Any CPU
		Release|Any CPU = Release|Any CPU
	EndGlobalSection
	GlobalSection(ProjectConfigurationPlatforms) = postSolution
		{EC7BC1F5-27BB-4411-85EC-AF95AF854D85}.Debug|Any CPU.ActiveCfg = Debug|Any CPU
		{EC7BC1F5-27BB-4411-85EC-AF95AF854D85}.Debug|Any CPU.Build.0 = Debug|Any CPU
		{EC7BC1F5-27BB-4411-85EC-AF95AF854D85}.Release|Any CPU.ActiveCfg = Release|Any CPU
		{EC7BC1F5-27BB-4411-85EC-AF95AF854D85}.Release|Any CPU.Build.0 = Release|Any CPU
		{5E1139A6-CE52-4A77-9256-63A5DAAEBE10}.Debug|Any CPU.ActiveCfg = Debug|Any CPU
		{5E1139A6-CE52-4A77-9256-63A5DAAEBE10}.Debug|Any CPU.Build.0 = Debug|Any CPU
		{5E1139A6-CE52-4A77-9256-63A5DAAEBE10}.Release|Any CPU.ActiveCfg = Release|Any CPU
		{5E1139A6-CE52-4A77-9256-63A5DAAEBE10}.Release|Any CPU.Build.0 = Release|Any CPU
		{B115D157-2C21-4BCF-A76E-516F230B025A}.Debug|Any CPU.ActiveCfg = Debug|Any CPU
		{B115D157-2C21-4BCF-A76E-516F230B025A}.Debug|Any CPU.Build.0 = Debug|Any CPU
		{B115D157-2C21-4BCF-A76E-516F230B025A}.Release|Any CPU.ActiveCfg = Release|Any CPU
		{B115D157-2C21-4BCF-A76E-516F230B025A}.Release|Any CPU.Build.0 = Release|Any CPU
	EndGlobalSection
	GlobalSection(SolutionProperties) = preSolution
		HideSolutionNode = FALSE
	EndGlobalSection
	GlobalSection(ExtensibilityGlobals) = postSolution
		SolutionGuid = {A2BE440F-7861-4CD8-9A81-EB9A5A727F61}
	EndGlobalSection
EndGlobal
