
Microsoft Visual Studio Solution File, Format Version 12.00
# Visual Studio Version 17
VisualStudioVersion = 17.3.32929.385
MinimumVisualStudioVersion = 10.0.40219.1
Project("{9A19103F-16F7-4668-BE54-9A1E7A4F7556}") = "01. Messaging", "01. Messaging\01. Messaging.csproj", "{9096C370-10E4-4A4C-AD51-E621C43530E2}"
EndProject
Project("{FAE04EC0-301F-11D3-BF4B-00C04F79EFBC}") = "03. Take-Skip Rope", "03. Take-Skip Rope\03. Take-Skip Rope.csproj", "{C37AEEEA-57B3-461B-9A93-04A778A08949}"
EndProject
Project("{FAE04EC0-301F-11D3-BF4B-00C04F79EFBC}") = "05. Drum Set", "05. Drum Set\05. Drum Set.csproj", "{3A071E64-568A-409E-834C-9E4D35741830}"
EndProject
Global
	GlobalSection(SolutionConfigurationPlatforms) = preSolution
		Debug|Any CPU = Debug|Any CPU
		Release|Any CPU = Release|Any CPU
	EndGlobalSection
	GlobalSection(ProjectConfigurationPlatforms) = postSolution
		{9096C370-10E4-4A4C-AD51-E621C43530E2}.Debug|Any CPU.ActiveCfg = Debug|Any CPU
		{9096C370-10E4-4A4C-AD51-E621C43530E2}.Debug|Any CPU.Build.0 = Debug|Any CPU
		{9096C370-10E4-4A4C-AD51-E621C43530E2}.Release|Any CPU.ActiveCfg = Release|Any CPU
		{9096C370-10E4-4A4C-AD51-E621C43530E2}.Release|Any CPU.Build.0 = Release|Any CPU
		{C37AEEEA-57B3-461B-9A93-04A778A08949}.Debug|Any CPU.ActiveCfg = Debug|Any CPU
		{C37AEEEA-57B3-461B-9A93-04A778A08949}.Debug|Any CPU.Build.0 = Debug|Any CPU
		{C37AEEEA-57B3-461B-9A93-04A778A08949}.Release|Any CPU.ActiveCfg = Release|Any CPU
		{C37AEEEA-57B3-461B-9A93-04A778A08949}.Release|Any CPU.Build.0 = Release|Any CPU
		{3A071E64-568A-409E-834C-9E4D35741830}.Debug|Any CPU.ActiveCfg = Debug|Any CPU
		{3A071E64-568A-409E-834C-9E4D35741830}.Debug|Any CPU.Build.0 = Debug|Any CPU
		{3A071E64-568A-409E-834C-9E4D35741830}.Release|Any CPU.ActiveCfg = Release|Any CPU
		{3A071E64-568A-409E-834C-9E4D35741830}.Release|Any CPU.Build.0 = Release|Any CPU
	EndGlobalSection
	GlobalSection(SolutionProperties) = preSolution
		HideSolutionNode = FALSE
	EndGlobalSection
	GlobalSection(ExtensibilityGlobals) = postSolution
		SolutionGuid = {179A8249-51A7-4302-88A9-EB331247062D}
	EndGlobalSection
EndGlobal
