
Microsoft Visual Studio Solution File, Format Version 12.00
# Visual Studio Version 17
VisualStudioVersion = 17.4.33213.308
MinimumVisualStudioVersion = 10.0.40219.1
Project("{9A19103F-16F7-4668-BE54-9A1E7A4F7556}") = "SplitMergeBinaryFile", "SplitMergeBinaryFile.csproj", "{ECE57870-A382-4A31-8719-14B2AF95C0A6}"
EndProject
Global
	GlobalSection(SolutionConfigurationPlatforms) = preSolution
		Debug|Any CPU = Debug|Any CPU
		Release|Any CPU = Release|Any CPU
	EndGlobalSection
	GlobalSection(ProjectConfigurationPlatforms) = postSolution
		{ECE57870-A382-4A31-8719-14B2AF95C0A6}.Debug|Any CPU.ActiveCfg = Debug|Any CPU
		{ECE57870-A382-4A31-8719-14B2AF95C0A6}.Debug|Any CPU.Build.0 = Debug|Any CPU
		{ECE57870-A382-4A31-8719-14B2AF95C0A6}.Release|Any CPU.ActiveCfg = Release|Any CPU
		{ECE57870-A382-4A31-8719-14B2AF95C0A6}.Release|Any CPU.Build.0 = Release|Any CPU
	EndGlobalSection
	GlobalSection(SolutionProperties) = preSolution
		HideSolutionNode = FALSE
	EndGlobalSection
	GlobalSection(ExtensibilityGlobals) = postSolution
		SolutionGuid = {BA050C53-AFFB-494E-B02D-0D9309B95C05}
	EndGlobalSection
EndGlobal
