
Microsoft Visual Studio Solution File, Format Version 12.00
# Visual Studio Version 17
VisualStudioVersion = 17.3.32929.385
MinimumVisualStudioVersion = 10.0.40219.1
Project("{FAE04EC0-301F-11D3-BF4B-00C04F79EFBC}") = "01. Match Full Name", "01. Match Full Name\01. Match Full Name.csproj", "{D6F1A484-B8CD-493D-8F29-4A4D5ABFBFEF}"
EndProject
Project("{FAE04EC0-301F-11D3-BF4B-00C04F79EFBC}") = "02. Match Phone Number", "02. Match Phone Number\02. Match Phone Number.csproj", "{463BDE1F-94B2-4000-8E58-C42BEA0B4E88}"
EndProject
Global
	GlobalSection(SolutionConfigurationPlatforms) = preSolution
		Debug|Any CPU = Debug|Any CPU
		Release|Any CPU = Release|Any CPU
	EndGlobalSection
	GlobalSection(ProjectConfigurationPlatforms) = postSolution
		{D6F1A484-B8CD-493D-8F29-4A4D5ABFBFEF}.Debug|Any CPU.ActiveCfg = Debug|Any CPU
		{D6F1A484-B8CD-493D-8F29-4A4D5ABFBFEF}.Debug|Any CPU.Build.0 = Debug|Any CPU
		{D6F1A484-B8CD-493D-8F29-4A4D5ABFBFEF}.Release|Any CPU.ActiveCfg = Release|Any CPU
		{D6F1A484-B8CD-493D-8F29-4A4D5ABFBFEF}.Release|Any CPU.Build.0 = Release|Any CPU
		{463BDE1F-94B2-4000-8E58-C42BEA0B4E88}.Debug|Any CPU.ActiveCfg = Debug|Any CPU
		{463BDE1F-94B2-4000-8E58-C42BEA0B4E88}.Debug|Any CPU.Build.0 = Debug|Any CPU
		{463BDE1F-94B2-4000-8E58-C42BEA0B4E88}.Release|Any CPU.ActiveCfg = Release|Any CPU
		{463BDE1F-94B2-4000-8E58-C42BEA0B4E88}.Release|Any CPU.Build.0 = Release|Any CPU
	EndGlobalSection
	GlobalSection(SolutionProperties) = preSolution
		HideSolutionNode = FALSE
	EndGlobalSection
	GlobalSection(ExtensibilityGlobals) = postSolution
		SolutionGuid = {BA6AB596-7625-4DDD-9708-C4AB58C493C8}
	EndGlobalSection
EndGlobal
