
Microsoft Visual Studio Solution File, Format Version 12.00
# Visual Studio Version 17
VisualStudioVersion = 17.4.33213.308
MinimumVisualStudioVersion = 10.0.40219.1
Project("{9A19103F-16F7-4668-BE54-9A1E7A4F7556}") = "MergeFiles", "MergeFiles.csproj", "{81A78AA9-EA56-46DB-B09B-7B12F078E636}"
EndProject
Global
	GlobalSection(SolutionConfigurationPlatforms) = preSolution
		Debug|Any CPU = Debug|Any CPU
		Release|Any CPU = Release|Any CPU
	EndGlobalSection
	GlobalSection(ProjectConfigurationPlatforms) = postSolution
		{81A78AA9-EA56-46DB-B09B-7B12F078E636}.Debug|Any CPU.ActiveCfg = Debug|Any CPU
		{81A78AA9-EA56-46DB-B09B-7B12F078E636}.Debug|Any CPU.Build.0 = Debug|Any CPU
		{81A78AA9-EA56-46DB-B09B-7B12F078E636}.Release|Any CPU.ActiveCfg = Release|Any CPU
		{81A78AA9-EA56-46DB-B09B-7B12F078E636}.Release|Any CPU.Build.0 = Release|Any CPU
	EndGlobalSection
	GlobalSection(SolutionProperties) = preSolution
		HideSolutionNode = FALSE
	EndGlobalSection
	GlobalSection(ExtensibilityGlobals) = postSolution
		SolutionGuid = {BFEEF24A-93FD-4380-B03E-41D8AF8D15F1}
	EndGlobalSection
EndGlobal
