
Microsoft Visual Studio Solution File, Format Version 12.00
# Visual Studio Version 17
VisualStudioVersion = 17.4.33213.308
MinimumVisualStudioVersion = 10.0.40219.1
Project("{FAE04EC0-301F-11D3-BF4B-00C04F79EFBC}") = "MathOperation", "MathOperation\MathOperation.csproj", "{42F7053F-FDAF-4EF9-BFBE-AC1760F0B3D6}"
EndProject
Project("{FAE04EC0-301F-11D3-BF4B-00C04F79EFBC}") = "Animals", "Animals\Animals.csproj", "{246825DD-1536-46C7-95D2-0449E51860C9}"
EndProject
Project("{FAE04EC0-301F-11D3-BF4B-00C04F79EFBC}") = "Shapes", "Shapes\Shapes.csproj", "{A127E492-649A-4EC1-B09F-33AC51E818EB}"
EndProject
Global
	GlobalSection(SolutionConfigurationPlatforms) = preSolution
		Debug|Any CPU = Debug|Any CPU
		Release|Any CPU = Release|Any CPU
	EndGlobalSection
	GlobalSection(ProjectConfigurationPlatforms) = postSolution
		{42F7053F-FDAF-4EF9-BFBE-AC1760F0B3D6}.Debug|Any CPU.ActiveCfg = Debug|Any CPU
		{42F7053F-FDAF-4EF9-BFBE-AC1760F0B3D6}.Debug|Any CPU.Build.0 = Debug|Any CPU
		{42F7053F-FDAF-4EF9-BFBE-AC1760F0B3D6}.Release|Any CPU.ActiveCfg = Release|Any CPU
		{42F7053F-FDAF-4EF9-BFBE-AC1760F0B3D6}.Release|Any CPU.Build.0 = Release|Any CPU
		{246825DD-1536-46C7-95D2-0449E51860C9}.Debug|Any CPU.ActiveCfg = Debug|Any CPU
		{246825DD-1536-46C7-95D2-0449E51860C9}.Debug|Any CPU.Build.0 = Debug|Any CPU
		{246825DD-1536-46C7-95D2-0449E51860C9}.Release|Any CPU.ActiveCfg = Release|Any CPU
		{246825DD-1536-46C7-95D2-0449E51860C9}.Release|Any CPU.Build.0 = Release|Any CPU
		{A127E492-649A-4EC1-B09F-33AC51E818EB}.Debug|Any CPU.ActiveCfg = Debug|Any CPU
		{A127E492-649A-4EC1-B09F-33AC51E818EB}.Debug|Any CPU.Build.0 = Debug|Any CPU
		{A127E492-649A-4EC1-B09F-33AC51E818EB}.Release|Any CPU.ActiveCfg = Release|Any CPU
		{A127E492-649A-4EC1-B09F-33AC51E818EB}.Release|Any CPU.Build.0 = Release|Any CPU
	EndGlobalSection
	GlobalSection(SolutionProperties) = preSolution
		HideSolutionNode = FALSE
	EndGlobalSection
	GlobalSection(ExtensibilityGlobals) = postSolution
		SolutionGuid = {EFCA1C2A-2CE0-462E-94DF-7106E3EBDB0C}
	EndGlobalSection
EndGlobal
