
Microsoft Visual Studio Solution File, Format Version 12.00
# Visual Studio Version 17
VisualStudioVersion = 17.3.32901.215
MinimumVisualStudioVersion = 10.0.40219.1
Project("{9A19103F-16F7-4668-BE54-9A1E7A4F7556}") = "01. Back To The Past", "01. Back To The Past\01. Back To The Past.csproj", "{369CC72D-EFF8-4EF0-932C-ABCB0E2DF38E}"
EndProject
Project("{9A19103F-16F7-4668-BE54-9A1E7A4F7556}") = "02. Hospital", "02. Hospital\02. Hospital.csproj", "{79C9CFE9-D246-4687-9B54-1A40EC534BBC}"
EndProject
Project("{9A19103F-16F7-4668-BE54-9A1E7A4F7556}") = "03. Logistics", "03. Logistics\03. Logistics.csproj", "{CCB4C875-76F7-4C7A-8DDC-540F0D3E62FC}"
EndProject
Project("{9A19103F-16F7-4668-BE54-9A1E7A4F7556}") = "04. Grades", "04. Grades\04. Grades.csproj", "{2F74965A-F013-4EB1-9296-F104E23C8AE7}"
EndProject
Project("{FAE04EC0-301F-11D3-BF4B-00C04F79EFBC}") = "05. Game Of Intervals", "05. Game Of Intervals\05. Game Of Intervals.csproj", "{A7FF754F-06B2-4123-BC59-1CC372B5ECF4}"
EndProject
Global
	GlobalSection(SolutionConfigurationPlatforms) = preSolution
		Debug|Any CPU = Debug|Any CPU
		Release|Any CPU = Release|Any CPU
	EndGlobalSection
	GlobalSection(ProjectConfigurationPlatforms) = postSolution
		{369CC72D-EFF8-4EF0-932C-ABCB0E2DF38E}.Debug|Any CPU.ActiveCfg = Debug|Any CPU
		{369CC72D-EFF8-4EF0-932C-ABCB0E2DF38E}.Debug|Any CPU.Build.0 = Debug|Any CPU
		{369CC72D-EFF8-4EF0-932C-ABCB0E2DF38E}.Release|Any CPU.ActiveCfg = Release|Any CPU
		{369CC72D-EFF8-4EF0-932C-ABCB0E2DF38E}.Release|Any CPU.Build.0 = Release|Any CPU
		{79C9CFE9-D246-4687-9B54-1A40EC534BBC}.Debug|Any CPU.ActiveCfg = Debug|Any CPU
		{79C9CFE9-D246-4687-9B54-1A40EC534BBC}.Debug|Any CPU.Build.0 = Debug|Any CPU
		{79C9CFE9-D246-4687-9B54-1A40EC534BBC}.Release|Any CPU.ActiveCfg = Release|Any CPU
		{79C9CFE9-D246-4687-9B54-1A40EC534BBC}.Release|Any CPU.Build.0 = Release|Any CPU
		{CCB4C875-76F7-4C7A-8DDC-540F0D3E62FC}.Debug|Any CPU.ActiveCfg = Debug|Any CPU
		{CCB4C875-76F7-4C7A-8DDC-540F0D3E62FC}.Debug|Any CPU.Build.0 = Debug|Any CPU
		{CCB4C875-76F7-4C7A-8DDC-540F0D3E62FC}.Release|Any CPU.ActiveCfg = Release|Any CPU
		{CCB4C875-76F7-4C7A-8DDC-540F0D3E62FC}.Release|Any CPU.Build.0 = Release|Any CPU
		{2F74965A-F013-4EB1-9296-F104E23C8AE7}.Debug|Any CPU.ActiveCfg = Debug|Any CPU
		{2F74965A-F013-4EB1-9296-F104E23C8AE7}.Debug|Any CPU.Build.0 = Debug|Any CPU
		{2F74965A-F013-4EB1-9296-F104E23C8AE7}.Release|Any CPU.ActiveCfg = Release|Any CPU
		{2F74965A-F013-4EB1-9296-F104E23C8AE7}.Release|Any CPU.Build.0 = Release|Any CPU
		{A7FF754F-06B2-4123-BC59-1CC372B5ECF4}.Debug|Any CPU.ActiveCfg = Debug|Any CPU
		{A7FF754F-06B2-4123-BC59-1CC372B5ECF4}.Debug|Any CPU.Build.0 = Debug|Any CPU
		{A7FF754F-06B2-4123-BC59-1CC372B5ECF4}.Release|Any CPU.ActiveCfg = Release|Any CPU
		{A7FF754F-06B2-4123-BC59-1CC372B5ECF4}.Release|Any CPU.Build.0 = Release|Any CPU
	EndGlobalSection
	GlobalSection(SolutionProperties) = preSolution
		HideSolutionNode = FALSE
	EndGlobalSection
	GlobalSection(ExtensibilityGlobals) = postSolution
		SolutionGuid = {B51AE213-B505-4BA8-AD3F-45EE940F50DF}
	EndGlobalSection
EndGlobal
