
Microsoft Visual Studio Solution File, Format Version 12.00
# Visual Studio Version 17
VisualStudioVersion = 17.3.32901.215
MinimumVisualStudioVersion = 10.0.40219.1
Project("{FAE04EC0-301F-11D3-BF4B-00C04F79EFBC}") = "01. Back To The Past", "01. Back To The Past\01. Back To The Past.csproj", "{369CC72D-EFF8-4EF0-932C-ABCB0E2DF38E}"
EndProject
Project("{FAE04EC0-301F-11D3-BF4B-00C04F79EFBC}") = "02. Hospital", "02. Hospital\02. Hospital.csproj", "{79C9CFE9-D246-4687-9B54-1A40EC534BBC}"
EndProject
Project("{FAE04EC0-301F-11D3-BF4B-00C04F79EFBC}") = "03. Logistics", "03. Logistics\03. Logistics.csproj", "{CCB4C875-76F7-4C7A-8DDC-540F0D3E62FC}"
EndProject
Global
	GlobalSection(SolutionConfigurationPlatforms) = preSolution
		Debug|Any CPU = Debug|Any CPU
		Release|Any CPU = Release|Any CPU
	EndGlobalSection
	GlobalSection(ProjectConfigurationPlatforms) = postSolution
		{369CC72D-EFF8-4EF0-932C-ABCB0E2DF38E}.Debug|Any CPU.ActiveCfg = Debug|Any CPU
		{369CC72D-EFF8-4EF0-932C-ABCB0E2DF38E}.Debug|Any CPU.Build.0 = Debug|Any CPU
		{369CC72D-EFF8-4EF0-932C-ABCB0E2DF38E}.Release|Any CPU.ActiveCfg = Release|Any CPU
		{369CC72D-EFF8-4EF0-932C-ABCB0E2DF38E}.Release|Any CPU.Build.0 = Release|Any CPU
		{79C9CFE9-D246-4687-9B54-1A40EC534BBC}.Debug|Any CPU.ActiveCfg = Debug|Any CPU
		{79C9CFE9-D246-4687-9B54-1A40EC534BBC}.Debug|Any CPU.Build.0 = Debug|Any CPU
		{79C9CFE9-D246-4687-9B54-1A40EC534BBC}.Release|Any CPU.ActiveCfg = Release|Any CPU
		{79C9CFE9-D246-4687-9B54-1A40EC534BBC}.Release|Any CPU.Build.0 = Release|Any CPU
		{CCB4C875-76F7-4C7A-8DDC-540F0D3E62FC}.Debug|Any CPU.ActiveCfg = Debug|Any CPU
		{CCB4C875-76F7-4C7A-8DDC-540F0D3E62FC}.Debug|Any CPU.Build.0 = Debug|Any CPU
		{CCB4C875-76F7-4C7A-8DDC-540F0D3E62FC}.Release|Any CPU.ActiveCfg = Release|Any CPU
		{CCB4C875-76F7-4C7A-8DDC-540F0D3E62FC}.Release|Any CPU.Build.0 = Release|Any CPU
	EndGlobalSection
	GlobalSection(SolutionProperties) = preSolution
		HideSolutionNode = FALSE
	EndGlobalSection
	GlobalSection(ExtensibilityGlobals) = postSolution
		SolutionGuid = {B51AE213-B505-4BA8-AD3F-45EE940F50DF}
	EndGlobalSection
EndGlobal
