
Microsoft Visual Studio Solution File, Format Version 12.00
# Visual Studio Version 17
VisualStudioVersion = 17.4.33213.308
MinimumVisualStudioVersion = 10.0.40219.1
Project("{9A19103F-16F7-4668-BE54-9A1E7A4F7556}") = "OddLines", "OddLines.csproj", "{785BD129-7BDE-4CF5-B3CD-DF7E9BF07DB4}"
EndProject
Global
	GlobalSection(SolutionConfigurationPlatforms) = preSolution
		Debug|Any CPU = Debug|Any CPU
		Release|Any CPU = Release|Any CPU
	EndGlobalSection
	GlobalSection(ProjectConfigurationPlatforms) = postSolution
		{785BD129-7BDE-4CF5-B3CD-DF7E9BF07DB4}.Debug|Any CPU.ActiveCfg = Debug|Any CPU
		{785BD129-7BDE-4CF5-B3CD-DF7E9BF07DB4}.Debug|Any CPU.Build.0 = Debug|Any CPU
		{785BD129-7BDE-4CF5-B3CD-DF7E9BF07DB4}.Release|Any CPU.ActiveCfg = Release|Any CPU
		{785BD129-7BDE-4CF5-B3CD-DF7E9BF07DB4}.Release|Any CPU.Build.0 = Release|Any CPU
	EndGlobalSection
	GlobalSection(SolutionProperties) = preSolution
		HideSolutionNode = FALSE
	EndGlobalSection
	GlobalSection(ExtensibilityGlobals) = postSolution
		SolutionGuid = {50825FE6-A97A-4499-974A-8311881678A8}
	EndGlobalSection
EndGlobal
