
Microsoft Visual Studio Solution File, Format Version 12.00
# Visual Studio Version 17
VisualStudioVersion = 17.4.33213.308
MinimumVisualStudioVersion = 10.0.40219.1
Project("{FAE04EC0-301F-11D3-BF4B-00C04F79EFBC}") = "PersonsInfo", "01. Sort People_by_Name_and_Age\PersonsInfo.csproj", "{804AED46-CC34-4085-B301-5F560B690674}"
EndProject
Global
	GlobalSection(SolutionConfigurationPlatforms) = preSolution
		Debug|Any CPU = Debug|Any CPU
		Release|Any CPU = Release|Any CPU
	EndGlobalSection
	GlobalSection(ProjectConfigurationPlatforms) = postSolution
		{804AED46-CC34-4085-B301-5F560B690674}.Debug|Any CPU.ActiveCfg = Debug|Any CPU
		{804AED46-CC34-4085-B301-5F560B690674}.Debug|Any CPU.Build.0 = Debug|Any CPU
		{804AED46-CC34-4085-B301-5F560B690674}.Release|Any CPU.ActiveCfg = Release|Any CPU
		{804AED46-CC34-4085-B301-5F560B690674}.Release|Any CPU.Build.0 = Release|Any CPU
	EndGlobalSection
	GlobalSection(SolutionProperties) = preSolution
		HideSolutionNode = FALSE
	EndGlobalSection
	GlobalSection(ExtensibilityGlobals) = postSolution
		SolutionGuid = {7D512914-E5E4-41B9-9B1D-DCAE2080EADA}
	EndGlobalSection
EndGlobal
